
Microsoft Visual Studio Solution File, Format Version 12.00
# Visual Studio Version 16
VisualStudioVersion = 16.0.29318.209
MinimumVisualStudioVersion = 10.0.40219.1
Project("{FAE04EC0-301F-11D3-BF4B-00C04F79EFBC}") = "HOMEWORK-3", "HOMEWORK-3.csproj", "{52DEBB78-A48B-497D-8EEF-16D36393ACD4}"
EndProject
Global
	GlobalSection(SolutionConfigurationPlatforms) = preSolution
		Debug|Any CPU = Debug|Any CPU
		Release|Any CPU = Release|Any CPU
	EndGlobalSection
	GlobalSection(ProjectConfigurationPlatforms) = postSolution
		{52DEBB78-A48B-497D-8EEF-16D36393ACD4}.Debug|Any CPU.ActiveCfg = Debug|Any CPU
		{52DEBB78-A48B-497D-8EEF-16D36393ACD4}.Debug|Any CPU.Build.0 = Debug|Any CPU
		{52DEBB78-A48B-497D-8EEF-16D36393ACD4}.Release|Any CPU.ActiveCfg = Release|Any CPU
		{52DEBB78-A48B-497D-8EEF-16D36393ACD4}.Release|Any CPU.Build.0 = Release|Any CPU
	EndGlobalSection
	GlobalSection(SolutionProperties) = preSolution
		HideSolutionNode = FALSE
	EndGlobalSection
	GlobalSection(ExtensibilityGlobals) = postSolution
		SolutionGuid = {0331B520-3DD4-4206-85A3-447C7DFD5499}
	EndGlobalSection
EndGlobal
