
Microsoft Visual Studio Solution File, Format Version 12.00
# Visual Studio Version 16
VisualStudioVersion = 16.0.29318.209
MinimumVisualStudioVersion = 10.0.40219.1
Project("{FAE04EC0-301F-11D3-BF4B-00C04F79EFBC}") = "Homework2(2)", "Homework2(2).csproj", "{7BFF6A0F-BF0E-4F64-BDBB-43B97D4121DC}"
EndProject
Global
	GlobalSection(SolutionConfigurationPlatforms) = preSolution
		Debug|Any CPU = Debug|Any CPU
		Release|Any CPU = Release|Any CPU
	EndGlobalSection
	GlobalSection(ProjectConfigurationPlatforms) = postSolution
		{7BFF6A0F-BF0E-4F64-BDBB-43B97D4121DC}.Debug|Any CPU.ActiveCfg = Debug|Any CPU
		{7BFF6A0F-BF0E-4F64-BDBB-43B97D4121DC}.Debug|Any CPU.Build.0 = Debug|Any CPU
		{7BFF6A0F-BF0E-4F64-BDBB-43B97D4121DC}.Release|Any CPU.ActiveCfg = Release|Any CPU
		{7BFF6A0F-BF0E-4F64-BDBB-43B97D4121DC}.Release|Any CPU.Build.0 = Release|Any CPU
	EndGlobalSection
	GlobalSection(SolutionProperties) = preSolution
		HideSolutionNode = FALSE
	EndGlobalSection
	GlobalSection(ExtensibilityGlobals) = postSolution
		SolutionGuid = {24FCB10D-ADD8-407D-9A3F-DD07004BF39F}
	EndGlobalSection
EndGlobal
