
Microsoft Visual Studio Solution File, Format Version 12.00
# Visual Studio Version 16
VisualStudioVersion = 16.0.29503.13
MinimumVisualStudioVersion = 10.0.40219.1
Project("{FAE04EC0-301F-11D3-BF4B-00C04F79EFBC}") = "HOMEWORK-10", "HOMEWORK-10\HOMEWORK-10.csproj", "{1CE3D21B-3FDA-41BD-8932-995FB1D6D31D}"
EndProject
Global
	GlobalSection(SolutionConfigurationPlatforms) = preSolution
		Debug|Any CPU = Debug|Any CPU
		Release|Any CPU = Release|Any CPU
	EndGlobalSection
	GlobalSection(ProjectConfigurationPlatforms) = postSolution
		{1CE3D21B-3FDA-41BD-8932-995FB1D6D31D}.Debug|Any CPU.ActiveCfg = Debug|Any CPU
		{1CE3D21B-3FDA-41BD-8932-995FB1D6D31D}.Debug|Any CPU.Build.0 = Debug|Any CPU
		{1CE3D21B-3FDA-41BD-8932-995FB1D6D31D}.Release|Any CPU.ActiveCfg = Release|Any CPU
		{1CE3D21B-3FDA-41BD-8932-995FB1D6D31D}.Release|Any CPU.Build.0 = Release|Any CPU
	EndGlobalSection
	GlobalSection(SolutionProperties) = preSolution
		HideSolutionNode = FALSE
	EndGlobalSection
	GlobalSection(ExtensibilityGlobals) = postSolution
		SolutionGuid = {7E1709AB-9FE7-4D1B-8A29-FFB815F019FD}
	EndGlobalSection
EndGlobal
